// !$*UTF8*$!
{
	archiveVersion = 1;
	classes = {
	};
	objectVersion = 46;
	objects = {

/* Begin PBXBuildFile section */
		7A38F5D5F693DD21C79D36B8 /* Pods_iVRUITests.framework in Frameworks */ = {isa = PBXBuildFile; fileRef = DD2D2967125AAFD28C02FB6F /* Pods_iVRUITests.framework */; };
		815EAF4E1CF90A80007FEFEF /* AppDelegate.swift in Sources */ = {isa = PBXBuildFile; fileRef = 815EAF4D1CF90A80007FEFEF /* AppDelegate.swift */; };
		815EAF501CF90A80007FEFEF /* ViewController.swift in Sources */ = {isa = PBXBuildFile; fileRef = 815EAF4F1CF90A80007FEFEF /* ViewController.swift */; };
		815EAF531CF90A80007FEFEF /* Main.storyboard in Resources */ = {isa = PBXBuildFile; fileRef = 815EAF511CF90A80007FEFEF /* Main.storyboard */; };
		815EAF551CF90A80007FEFEF /* Assets.xcassets in Resources */ = {isa = PBXBuildFile; fileRef = 815EAF541CF90A80007FEFEF /* Assets.xcassets */; };
		815EAF581CF90A80007FEFEF /* LaunchScreen.storyboard in Resources */ = {isa = PBXBuildFile; fileRef = 815EAF561CF90A80007FEFEF /* LaunchScreen.storyboard */; };
		815EAF631CF90A80007FEFEF /* iVRTests.swift in Sources */ = {isa = PBXBuildFile; fileRef = 815EAF621CF90A80007FEFEF /* iVRTests.swift */; };
		815EAF6E1CF90A80007FEFEF /* iVRUITests.swift in Sources */ = {isa = PBXBuildFile; fileRef = 815EAF6D1CF90A80007FEFEF /* iVRUITests.swift */; };
		8190D9791D00C1D6002CB367 /* GoogleService-Info.plist in Resources */ = {isa = PBXBuildFile; fileRef = 8190D9781D00C1D6002CB367 /* GoogleService-Info.plist */; };
		8190D97D1D00C361002CB367 /* FBSDKCoreKit.framework in Frameworks */ = {isa = PBXBuildFile; fileRef = 8190D97A1D00C361002CB367 /* FBSDKCoreKit.framework */; };
		8190D97E1D00C361002CB367 /* FBSDKLoginKit.framework in Frameworks */ = {isa = PBXBuildFile; fileRef = 8190D97B1D00C361002CB367 /* FBSDKLoginKit.framework */; };
		8190D97F1D00C361002CB367 /* FBSDKShareKit.framework in Frameworks */ = {isa = PBXBuildFile; fileRef = 8190D97C1D00C361002CB367 /* FBSDKShareKit.framework */; };
		8190D9811D00E417002CB367 /* SignUpViewController.swift in Sources */ = {isa = PBXBuildFile; fileRef = 8190D9801D00E417002CB367 /* SignUpViewController.swift */; };
		8190D9831D00E811002CB367 /* Reachability.swift in Sources */ = {isa = PBXBuildFile; fileRef = 8190D9821D00E811002CB367 /* Reachability.swift */; };
		8190D9881D00E889002CB367 /* Validation.swift in Sources */ = {isa = PBXBuildFile; fileRef = 8190D9871D00E889002CB367 /* Validation.swift */; };
		8190D98B1D01F3BB002CB367 /* ResetPassViewController.swift in Sources */ = {isa = PBXBuildFile; fileRef = 8190D98A1D01F3BB002CB367 /* ResetPassViewController.swift */; };
		819978C01CFF415500622298 /* century-gothic.ttf in Resources */ = {isa = PBXBuildFile; fileRef = 819978BF1CFF415500622298 /* century-gothic.ttf */; };
		819978C21CFF420C00622298 /* century-gothic-bold.ttf in Resources */ = {isa = PBXBuildFile; fileRef = 819978C11CFF420C00622298 /* century-gothic-bold.ttf */; };
		819978C41CFF45A500622298 /* good times rg.ttf in Resources */ = {isa = PBXBuildFile; fileRef = 819978C31CFF45A500622298 /* good times rg.ttf */; };
		819978C61CFF4BBE00622298 /* LoginViewController.swift in Sources */ = {isa = PBXBuildFile; fileRef = 819978C51CFF4BBE00622298 /* LoginViewController.swift */; };
		EAB0E37B27565D284337826E /* Pods_iVRTests.framework in Frameworks */ = {isa = PBXBuildFile; fileRef = 01561A6C235F969C13C34A65 /* Pods_iVRTests.framework */; };
		F83947B61839D962586452C8 /* Pods_iVR.framework in Frameworks */ = {isa = PBXBuildFile; fileRef = FE7CE21A49653CD4CD601899 /* Pods_iVR.framework */; };
/* End PBXBuildFile section */

/* Begin PBXContainerItemProxy section */
		815EAF5F1CF90A80007FEFEF /* PBXContainerItemProxy */ = {
			isa = PBXContainerItemProxy;
			containerPortal = 815EAF421CF90A80007FEFEF /* Project object */;
			proxyType = 1;
			remoteGlobalIDString = 815EAF491CF90A80007FEFEF;
			remoteInfo = iVR;
		};
		815EAF6A1CF90A80007FEFEF /* PBXContainerItemProxy */ = {
			isa = PBXContainerItemProxy;
			containerPortal = 815EAF421CF90A80007FEFEF /* Project object */;
			proxyType = 1;
			remoteGlobalIDString = 815EAF491CF90A80007FEFEF;
			remoteInfo = iVR;
		};
/* End PBXContainerItemProxy section */

/* Begin PBXFileReference section */
		01561A6C235F969C13C34A65 /* Pods_iVRTests.framework */ = {isa = PBXFileReference; explicitFileType = wrapper.framework; includeInIndex = 0; path = Pods_iVRTests.framework; sourceTree = BUILT_PRODUCTS_DIR; };
		5591560B4650C946078AF1C3 /* Pods-iVRUITests.debug.xcconfig */ = {isa = PBXFileReference; includeInIndex = 1; lastKnownFileType = text.xcconfig; name = "Pods-iVRUITests.debug.xcconfig"; path = "Pods/Target Support Files/Pods-iVRUITests/Pods-iVRUITests.debug.xcconfig"; sourceTree = "<group>"; };
		6090BA4E571932282D3B7C08 /* Pods-iVR.debug.xcconfig */ = {isa = PBXFileReference; includeInIndex = 1; lastKnownFileType = text.xcconfig; name = "Pods-iVR.debug.xcconfig"; path = "Pods/Target Support Files/Pods-iVR/Pods-iVR.debug.xcconfig"; sourceTree = "<group>"; };
		805DBF85AEC04CDF3F845FCF /* Pods-iVRUITests.release.xcconfig */ = {isa = PBXFileReference; includeInIndex = 1; lastKnownFileType = text.xcconfig; name = "Pods-iVRUITests.release.xcconfig"; path = "Pods/Target Support Files/Pods-iVRUITests/Pods-iVRUITests.release.xcconfig"; sourceTree = "<group>"; };
		815EAF4A1CF90A80007FEFEF /* iVR.app */ = {isa = PBXFileReference; explicitFileType = wrapper.application; includeInIndex = 0; path = iVR.app; sourceTree = BUILT_PRODUCTS_DIR; };
		815EAF4D1CF90A80007FEFEF /* AppDelegate.swift */ = {isa = PBXFileReference; lastKnownFileType = sourcecode.swift; path = AppDelegate.swift; sourceTree = "<group>"; };
		815EAF4F1CF90A80007FEFEF /* ViewController.swift */ = {isa = PBXFileReference; lastKnownFileType = sourcecode.swift; path = ViewController.swift; sourceTree = "<group>"; };
		815EAF521CF90A80007FEFEF /* Base */ = {isa = PBXFileReference; lastKnownFileType = file.storyboard; name = Base; path = Base.lproj/Main.storyboard; sourceTree = "<group>"; };
		815EAF541CF90A80007FEFEF /* Assets.xcassets */ = {isa = PBXFileReference; lastKnownFileType = folder.assetcatalog; path = Assets.xcassets; sourceTree = "<group>"; };
		815EAF571CF90A80007FEFEF /* Base */ = {isa = PBXFileReference; lastKnownFileType = file.storyboard; name = Base; path = Base.lproj/LaunchScreen.storyboard; sourceTree = "<group>"; };
		815EAF591CF90A80007FEFEF /* Info.plist */ = {isa = PBXFileReference; lastKnownFileType = text.plist.xml; path = Info.plist; sourceTree = "<group>"; };
		815EAF5E1CF90A80007FEFEF /* iVRTests.xctest */ = {isa = PBXFileReference; explicitFileType = wrapper.cfbundle; includeInIndex = 0; path = iVRTests.xctest; sourceTree = BUILT_PRODUCTS_DIR; };
		815EAF621CF90A80007FEFEF /* iVRTests.swift */ = {isa = PBXFileReference; lastKnownFileType = sourcecode.swift; path = iVRTests.swift; sourceTree = "<group>"; };
		815EAF641CF90A80007FEFEF /* Info.plist */ = {isa = PBXFileReference; lastKnownFileType = text.plist.xml; path = Info.plist; sourceTree = "<group>"; };
		815EAF691CF90A80007FEFEF /* iVRUITests.xctest */ = {isa = PBXFileReference; explicitFileType = wrapper.cfbundle; includeInIndex = 0; path = iVRUITests.xctest; sourceTree = BUILT_PRODUCTS_DIR; };
		815EAF6D1CF90A80007FEFEF /* iVRUITests.swift */ = {isa = PBXFileReference; lastKnownFileType = sourcecode.swift; path = iVRUITests.swift; sourceTree = "<group>"; };
		815EAF6F1CF90A80007FEFEF /* Info.plist */ = {isa = PBXFileReference; lastKnownFileType = text.plist.xml; path = Info.plist; sourceTree = "<group>"; };
		8190D9781D00C1D6002CB367 /* GoogleService-Info.plist */ = {isa = PBXFileReference; fileEncoding = 4; lastKnownFileType = text.plist.xml; path = "GoogleService-Info.plist"; sourceTree = "<group>"; };
		8190D97A1D00C361002CB367 /* FBSDKCoreKit.framework */ = {isa = PBXFileReference; lastKnownFileType = wrapper.framework; name = FBSDKCoreKit.framework; path = ../../../../Documents/FacebookSDK/FBSDKCoreKit.framework; sourceTree = "<group>"; };
		8190D97B1D00C361002CB367 /* FBSDKLoginKit.framework */ = {isa = PBXFileReference; lastKnownFileType = wrapper.framework; name = FBSDKLoginKit.framework; path = ../../../../Documents/FacebookSDK/FBSDKLoginKit.framework; sourceTree = "<group>"; };
		8190D97C1D00C361002CB367 /* FBSDKShareKit.framework */ = {isa = PBXFileReference; lastKnownFileType = wrapper.framework; name = FBSDKShareKit.framework; path = ../../../../Documents/FacebookSDK/FBSDKShareKit.framework; sourceTree = "<group>"; };
		8190D9801D00E417002CB367 /* SignUpViewController.swift */ = {isa = PBXFileReference; fileEncoding = 4; lastKnownFileType = sourcecode.swift; path = SignUpViewController.swift; sourceTree = "<group>"; };
		8190D9821D00E811002CB367 /* Reachability.swift */ = {isa = PBXFileReference; fileEncoding = 4; lastKnownFileType = sourcecode.swift; path = Reachability.swift; sourceTree = "<group>"; };
		8190D9871D00E889002CB367 /* Validation.swift */ = {isa = PBXFileReference; fileEncoding = 4; lastKnownFileType = sourcecode.swift; path = Validation.swift; sourceTree = "<group>"; };
		8190D9891D01D1E8002CB367 /* iVR-Bridging-Header.h */ = {isa = PBXFileReference; fileEncoding = 4; lastKnownFileType = sourcecode.c.h; path = "iVR-Bridging-Header.h"; sourceTree = "<group>"; };
		8190D98A1D01F3BB002CB367 /* ResetPassViewController.swift */ = {isa = PBXFileReference; fileEncoding = 4; lastKnownFileType = sourcecode.swift; path = ResetPassViewController.swift; sourceTree = "<group>"; };
		819978BF1CFF415500622298 /* century-gothic.ttf */ = {isa = PBXFileReference; lastKnownFileType = file; path = "century-gothic.ttf"; sourceTree = "<group>"; };
		819978C11CFF420C00622298 /* century-gothic-bold.ttf */ = {isa = PBXFileReference; lastKnownFileType = file; path = "century-gothic-bold.ttf"; sourceTree = "<group>"; };
		819978C31CFF45A500622298 /* good times rg.ttf */ = {isa = PBXFileReference; lastKnownFileType = file; path = "good times rg.ttf"; sourceTree = "<group>"; };
		819978C51CFF4BBE00622298 /* LoginViewController.swift */ = {isa = PBXFileReference; fileEncoding = 4; lastKnownFileType = sourcecode.swift; path = LoginViewController.swift; sourceTree = "<group>"; };
		8D6D49ED8F55B0CF7BD343D7 /* Pods-iVR.release.xcconfig */ = {isa = PBXFileReference; includeInIndex = 1; lastKnownFileType = text.xcconfig; name = "Pods-iVR.release.xcconfig"; path = "Pods/Target Support Files/Pods-iVR/Pods-iVR.release.xcconfig"; sourceTree = "<group>"; };
		A286A1695D628A42CC0A80F5 /* Pods-iVRTests.debug.xcconfig */ = {isa = PBXFileReference; includeInIndex = 1; lastKnownFileType = text.xcconfig; name = "Pods-iVRTests.debug.xcconfig"; path = "Pods/Target Support Files/Pods-iVRTests/Pods-iVRTests.debug.xcconfig"; sourceTree = "<group>"; };
		C609B9D15A93799969C9B5C2 /* Pods-iVRTests.release.xcconfig */ = {isa = PBXFileReference; includeInIndex = 1; lastKnownFileType = text.xcconfig; name = "Pods-iVRTests.release.xcconfig"; path = "Pods/Target Support Files/Pods-iVRTests/Pods-iVRTests.release.xcconfig"; sourceTree = "<group>"; };
		DD2D2967125AAFD28C02FB6F /* Pods_iVRUITests.framework */ = {isa = PBXFileReference; explicitFileType = wrapper.framework; includeInIndex = 0; path = Pods_iVRUITests.framework; sourceTree = BUILT_PRODUCTS_DIR; };
		FE7CE21A49653CD4CD601899 /* Pods_iVR.framework */ = {isa = PBXFileReference; explicitFileType = wrapper.framework; includeInIndex = 0; path = Pods_iVR.framework; sourceTree = BUILT_PRODUCTS_DIR; };
/* End PBXFileReference section */

/* Begin PBXFrameworksBuildPhase section */
		815EAF471CF90A80007FEFEF /* Frameworks */ = {
			isa = PBXFrameworksBuildPhase;
			buildActionMask = 2147483647;
			files = (
				8190D97F1D00C361002CB367 /* FBSDKShareKit.framework in Frameworks */,
				F83947B61839D962586452C8 /* Pods_iVR.framework in Frameworks */,
				8190D97D1D00C361002CB367 /* FBSDKCoreKit.framework in Frameworks */,
				8190D97E1D00C361002CB367 /* FBSDKLoginKit.framework in Frameworks */,
			);
			runOnlyForDeploymentPostprocessing = 0;
		};
		815EAF5B1CF90A80007FEFEF /* Frameworks */ = {
			isa = PBXFrameworksBuildPhase;
			buildActionMask = 2147483647;
			files = (
				EAB0E37B27565D284337826E /* Pods_iVRTests.framework in Frameworks */,
			);
			runOnlyForDeploymentPostprocessing = 0;
		};
		815EAF661CF90A80007FEFEF /* Frameworks */ = {
			isa = PBXFrameworksBuildPhase;
			buildActionMask = 2147483647;
			files = (
				7A38F5D5F693DD21C79D36B8 /* Pods_iVRUITests.framework in Frameworks */,
			);
			runOnlyForDeploymentPostprocessing = 0;
		};
/* End PBXFrameworksBuildPhase section */

/* Begin PBXGroup section */
		3E23477D52AFE62F648473EC /* Frameworks */ = {
			isa = PBXGroup;
			children = (
				8190D97A1D00C361002CB367 /* FBSDKCoreKit.framework */,
				8190D97B1D00C361002CB367 /* FBSDKLoginKit.framework */,
				8190D97C1D00C361002CB367 /* FBSDKShareKit.framework */,
				FE7CE21A49653CD4CD601899 /* Pods_iVR.framework */,
				01561A6C235F969C13C34A65 /* Pods_iVRTests.framework */,
				DD2D2967125AAFD28C02FB6F /* Pods_iVRUITests.framework */,
			);
			name = Frameworks;
			sourceTree = "<group>";
		};
		815EAF411CF90A80007FEFEF = {
			isa = PBXGroup;
			children = (
				815EAF4C1CF90A80007FEFEF /* iVR */,
				815EAF611CF90A80007FEFEF /* iVRTests */,
				815EAF6C1CF90A80007FEFEF /* iVRUITests */,
				815EAF4B1CF90A80007FEFEF /* Products */,
				D1BA5A40C36EA854818FA0C2 /* Pods */,
				3E23477D52AFE62F648473EC /* Frameworks */,
			);
			sourceTree = "<group>";
		};
		815EAF4B1CF90A80007FEFEF /* Products */ = {
			isa = PBXGroup;
			children = (
				815EAF4A1CF90A80007FEFEF /* iVR.app */,
				815EAF5E1CF90A80007FEFEF /* iVRTests.xctest */,
				815EAF691CF90A80007FEFEF /* iVRUITests.xctest */,
			);
			name = Products;
			sourceTree = "<group>";
		};
		815EAF4C1CF90A80007FEFEF /* iVR */ = {
			isa = PBXGroup;
			children = (
				8190D9841D00E819002CB367 /* Validation */,
				819978B61CFF3D5900622298 /* Fonts */,
				815EAF4D1CF90A80007FEFEF /* AppDelegate.swift */,
				815EAF4F1CF90A80007FEFEF /* ViewController.swift */,
				815EAF511CF90A80007FEFEF /* Main.storyboard */,
				8190D9861D00E83E002CB367 /* Assets */,
				8190D9851D00E823002CB367 /* Login/Signup views */,
				8190D9891D01D1E8002CB367 /* iVR-Bridging-Header.h */,
			);
			path = iVR;
			sourceTree = "<group>";
		};
		815EAF611CF90A80007FEFEF /* iVRTests */ = {
			isa = PBXGroup;
			children = (
				815EAF621CF90A80007FEFEF /* iVRTests.swift */,
				815EAF641CF90A80007FEFEF /* Info.plist */,
			);
			path = iVRTests;
			sourceTree = "<group>";
		};
		815EAF6C1CF90A80007FEFEF /* iVRUITests */ = {
			isa = PBXGroup;
			children = (
				815EAF6D1CF90A80007FEFEF /* iVRUITests.swift */,
				815EAF6F1CF90A80007FEFEF /* Info.plist */,
			);
			path = iVRUITests;
			sourceTree = "<group>";
		};
		8190D9841D00E819002CB367 /* Validation */ = {
			isa = PBXGroup;
			children = (
				8190D9871D00E889002CB367 /* Validation.swift */,
				8190D9821D00E811002CB367 /* Reachability.swift */,
			);
			name = Validation;
			sourceTree = "<group>";
		};
		8190D9851D00E823002CB367 /* Login/Signup views */ = {
			isa = PBXGroup;
			children = (
				819978C51CFF4BBE00622298 /* LoginViewController.swift */,
				8190D9801D00E417002CB367 /* SignUpViewController.swift */,
				8190D98A1D01F3BB002CB367 /* ResetPassViewController.swift */,
			);
			name = "Login/Signup views";
			sourceTree = "<group>";
		};
		8190D9861D00E83E002CB367 /* Assets */ = {
			isa = PBXGroup;
			children = (
				815EAF541CF90A80007FEFEF /* Assets.xcassets */,
				815EAF561CF90A80007FEFEF /* LaunchScreen.storyboard */,
				815EAF591CF90A80007FEFEF /* Info.plist */,
				8190D9781D00C1D6002CB367 /* GoogleService-Info.plist */,
			);
			name = Assets;
			sourceTree = "<group>";
		};
		819978B61CFF3D5900622298 /* Fonts */ = {
			isa = PBXGroup;
			children = (
				819978C11CFF420C00622298 /* century-gothic-bold.ttf */,
				819978BF1CFF415500622298 /* century-gothic.ttf */,
				819978C31CFF45A500622298 /* good times rg.ttf */,
			);
			name = Fonts;
			sourceTree = "<group>";
		};
		D1BA5A40C36EA854818FA0C2 /* Pods */ = {
			isa = PBXGroup;
			children = (
				6090BA4E571932282D3B7C08 /* Pods-iVR.debug.xcconfig */,
				8D6D49ED8F55B0CF7BD343D7 /* Pods-iVR.release.xcconfig */,
				A286A1695D628A42CC0A80F5 /* Pods-iVRTests.debug.xcconfig */,
				C609B9D15A93799969C9B5C2 /* Pods-iVRTests.release.xcconfig */,
				5591560B4650C946078AF1C3 /* Pods-iVRUITests.debug.xcconfig */,
				805DBF85AEC04CDF3F845FCF /* Pods-iVRUITests.release.xcconfig */,
			);
			name = Pods;
			sourceTree = "<group>";
		};
/* End PBXGroup section */

/* Begin PBXNativeTarget section */
		815EAF491CF90A80007FEFEF /* iVR */ = {
			isa = PBXNativeTarget;
			buildConfigurationList = 815EAF721CF90A80007FEFEF /* Build configuration list for PBXNativeTarget "iVR" */;
			buildPhases = (
				597981201584F6FFC0CA0722 /* 📦 Check Pods Manifest.lock */,
				815EAF461CF90A80007FEFEF /* Sources */,
				815EAF471CF90A80007FEFEF /* Frameworks */,
				815EAF481CF90A80007FEFEF /* Resources */,
				29E4C5DF8549B5D01AEF9E64 /* 📦 Embed Pods Frameworks */,
				9A0BDE750C0533F548895F94 /* 📦 Copy Pods Resources */,
			);
			buildRules = (
			);
			dependencies = (
			);
			name = iVR;
			productName = iVR;
			productReference = 815EAF4A1CF90A80007FEFEF /* iVR.app */;
			productType = "com.apple.product-type.application";
		};
		815EAF5D1CF90A80007FEFEF /* iVRTests */ = {
			isa = PBXNativeTarget;
			buildConfigurationList = 815EAF751CF90A80007FEFEF /* Build configuration list for PBXNativeTarget "iVRTests" */;
			buildPhases = (
				C94BD9C5503A300ACA2AB429 /* 📦 Check Pods Manifest.lock */,
				815EAF5A1CF90A80007FEFEF /* Sources */,
				815EAF5B1CF90A80007FEFEF /* Frameworks */,
				815EAF5C1CF90A80007FEFEF /* Resources */,
				9715224E03F55B0A5FF8FED0 /* 📦 Embed Pods Frameworks */,
				F6D01F94710CBF713DEF0FEF /* 📦 Copy Pods Resources */,
			);
			buildRules = (
			);
			dependencies = (
				815EAF601CF90A80007FEFEF /* PBXTargetDependency */,
			);
			name = iVRTests;
			productName = iVRTests;
			productReference = 815EAF5E1CF90A80007FEFEF /* iVRTests.xctest */;
			productType = "com.apple.product-type.bundle.unit-test";
		};
		815EAF681CF90A80007FEFEF /* iVRUITests */ = {
			isa = PBXNativeTarget;
			buildConfigurationList = 815EAF781CF90A80007FEFEF /* Build configuration list for PBXNativeTarget "iVRUITests" */;
			buildPhases = (
				EADB7983A9BCEC07DCFC3E10 /* 📦 Check Pods Manifest.lock */,
				815EAF651CF90A80007FEFEF /* Sources */,
				815EAF661CF90A80007FEFEF /* Frameworks */,
				815EAF671CF90A80007FEFEF /* Resources */,
				7C4523955534094EA2CFFBB3 /* 📦 Copy Pods Resources */,
			);
			buildRules = (
			);
			dependencies = (
				815EAF6B1CF90A80007FEFEF /* PBXTargetDependency */,
			);
			name = iVRUITests;
			productName = iVRUITests;
			productReference = 815EAF691CF90A80007FEFEF /* iVRUITests.xctest */;
			productType = "com.apple.product-type.bundle.ui-testing";
		};
/* End PBXNativeTarget section */

/* Begin PBXProject section */
		815EAF421CF90A80007FEFEF /* Project object */ = {
			isa = PBXProject;
			attributes = {
				LastSwiftUpdateCheck = 0730;
				LastUpgradeCheck = 0730;
				ORGANIZATIONNAME = iVR;
				TargetAttributes = {
					815EAF491CF90A80007FEFEF = {
						CreatedOnToolsVersion = 7.3.1;
						DevelopmentTeam = 9J676A68SR;
					};
					815EAF5D1CF90A80007FEFEF = {
						CreatedOnToolsVersion = 7.3.1;
						TestTargetID = 815EAF491CF90A80007FEFEF;
					};
					815EAF681CF90A80007FEFEF = {
						CreatedOnToolsVersion = 7.3.1;
						TestTargetID = 815EAF491CF90A80007FEFEF;
					};
				};
			};
			buildConfigurationList = 815EAF451CF90A80007FEFEF /* Build configuration list for PBXProject "iVR" */;
			compatibilityVersion = "Xcode 3.2";
			developmentRegion = English;
			hasScannedForEncodings = 0;
			knownRegions = (
				en,
				Base,
			);
			mainGroup = 815EAF411CF90A80007FEFEF;
			productRefGroup = 815EAF4B1CF90A80007FEFEF /* Products */;
			projectDirPath = "";
			projectRoot = "";
			targets = (
				815EAF491CF90A80007FEFEF /* iVR */,
				815EAF5D1CF90A80007FEFEF /* iVRTests */,
				815EAF681CF90A80007FEFEF /* iVRUITests */,
			);
		};
/* End PBXProject section */

/* Begin PBXResourcesBuildPhase section */
		815EAF481CF90A80007FEFEF /* Resources */ = {
			isa = PBXResourcesBuildPhase;
			buildActionMask = 2147483647;
			files = (
				815EAF581CF90A80007FEFEF /* LaunchScreen.storyboard in Resources */,
				815EAF551CF90A80007FEFEF /* Assets.xcassets in Resources */,
				819978C21CFF420C00622298 /* century-gothic-bold.ttf in Resources */,
				815EAF531CF90A80007FEFEF /* Main.storyboard in Resources */,
				819978C01CFF415500622298 /* century-gothic.ttf in Resources */,
				819978C41CFF45A500622298 /* good times rg.ttf in Resources */,
				8190D9791D00C1D6002CB367 /* GoogleService-Info.plist in Resources */,
			);
			runOnlyForDeploymentPostprocessing = 0;
		};
		815EAF5C1CF90A80007FEFEF /* Resources */ = {
			isa = PBXResourcesBuildPhase;
			buildActionMask = 2147483647;
			files = (
			);
			runOnlyForDeploymentPostprocessing = 0;
		};
		815EAF671CF90A80007FEFEF /* Resources */ = {
			isa = PBXResourcesBuildPhase;
			buildActionMask = 2147483647;
			files = (
			);
			runOnlyForDeploymentPostprocessing = 0;
		};
/* End PBXResourcesBuildPhase section */

/* Begin PBXShellScriptBuildPhase section */
		29E4C5DF8549B5D01AEF9E64 /* 📦 Embed Pods Frameworks */ = {
			isa = PBXShellScriptBuildPhase;
			buildActionMask = 2147483647;
			files = (
			);
			inputPaths = (
			);
			name = "📦 Embed Pods Frameworks";
			outputPaths = (
			);
			runOnlyForDeploymentPostprocessing = 0;
			shellPath = /bin/sh;
			shellScript = "\"${SRCROOT}/Pods/Target Support Files/Pods-iVR/Pods-iVR-frameworks.sh\"\n";
			showEnvVarsInLog = 0;
		};
		597981201584F6FFC0CA0722 /* 📦 Check Pods Manifest.lock */ = {
			isa = PBXShellScriptBuildPhase;
			buildActionMask = 2147483647;
			files = (
			);
			inputPaths = (
			);
			name = "📦 Check Pods Manifest.lock";
			outputPaths = (
			);
			runOnlyForDeploymentPostprocessing = 0;
			shellPath = /bin/sh;
			shellScript = "diff \"${PODS_ROOT}/../Podfile.lock\" \"${PODS_ROOT}/Manifest.lock\" > /dev/null\nif [[ $? != 0 ]] ; then\n    cat << EOM\nerror: The sandbox is not in sync with the Podfile.lock. Run 'pod install' or update your CocoaPods installation.\nEOM\n    exit 1\nfi\n";
			showEnvVarsInLog = 0;
		};
		7C4523955534094EA2CFFBB3 /* 📦 Copy Pods Resources */ = {
			isa = PBXShellScriptBuildPhase;
			buildActionMask = 2147483647;
			files = (
			);
			inputPaths = (
			);
			name = "📦 Copy Pods Resources";
			outputPaths = (
			);
			runOnlyForDeploymentPostprocessing = 0;
			shellPath = /bin/sh;
			shellScript = "\"${SRCROOT}/Pods/Target Support Files/Pods-iVRUITests/Pods-iVRUITests-resources.sh\"\n";
			showEnvVarsInLog = 0;
		};
		9715224E03F55B0A5FF8FED0 /* 📦 Embed Pods Frameworks */ = {
			isa = PBXShellScriptBuildPhase;
			buildActionMask = 2147483647;
			files = (
			);
			inputPaths = (
			);
			name = "📦 Embed Pods Frameworks";
			outputPaths = (
			);
			runOnlyForDeploymentPostprocessing = 0;
			shellPath = /bin/sh;
			shellScript = "\"${SRCROOT}/Pods/Target Support Files/Pods-iVRTests/Pods-iVRTests-frameworks.sh\"\n";
			showEnvVarsInLog = 0;
		};
		9A0BDE750C0533F548895F94 /* 📦 Copy Pods Resources */ = {
			isa = PBXShellScriptBuildPhase;
			buildActionMask = 2147483647;
			files = (
			);
			inputPaths = (
			);
			name = "📦 Copy Pods Resources";
			outputPaths = (
			);
			runOnlyForDeploymentPostprocessing = 0;
			shellPath = /bin/sh;
			shellScript = "\"${SRCROOT}/Pods/Target Support Files/Pods-iVR/Pods-iVR-resources.sh\"\n";
			showEnvVarsInLog = 0;
		};
		C94BD9C5503A300ACA2AB429 /* 📦 Check Pods Manifest.lock */ = {
			isa = PBXShellScriptBuildPhase;
			buildActionMask = 2147483647;
			files = (
			);
			inputPaths = (
			);
			name = "📦 Check Pods Manifest.lock";
			outputPaths = (
			);
			runOnlyForDeploymentPostprocessing = 0;
			shellPath = /bin/sh;
			shellScript = "diff \"${PODS_ROOT}/../Podfile.lock\" \"${PODS_ROOT}/Manifest.lock\" > /dev/null\nif [[ $? != 0 ]] ; then\n    cat << EOM\nerror: The sandbox is not in sync with the Podfile.lock. Run 'pod install' or update your CocoaPods installation.\nEOM\n    exit 1\nfi\n";
			showEnvVarsInLog = 0;
		};
		EADB7983A9BCEC07DCFC3E10 /* 📦 Check Pods Manifest.lock */ = {
			isa = PBXShellScriptBuildPhase;
			buildActionMask = 2147483647;
			files = (
			);
			inputPaths = (
			);
			name = "📦 Check Pods Manifest.lock";
			outputPaths = (
			);
			runOnlyForDeploymentPostprocessing = 0;
			shellPath = /bin/sh;
			shellScript = "diff \"${PODS_ROOT}/../Podfile.lock\" \"${PODS_ROOT}/Manifest.lock\" > /dev/null\nif [[ $? != 0 ]] ; then\n    cat << EOM\nerror: The sandbox is not in sync with the Podfile.lock. Run 'pod install' or update your CocoaPods installation.\nEOM\n    exit 1\nfi\n";
			showEnvVarsInLog = 0;
		};
		F6D01F94710CBF713DEF0FEF /* 📦 Copy Pods Resources */ = {
			isa = PBXShellScriptBuildPhase;
			buildActionMask = 2147483647;
			files = (
			);
			inputPaths = (
			);
			name = "📦 Copy Pods Resources";
			outputPaths = (
			);
			runOnlyForDeploymentPostprocessing = 0;
			shellPath = /bin/sh;
			shellScript = "\"${SRCROOT}/Pods/Target Support Files/Pods-iVRTests/Pods-iVRTests-resources.sh\"\n";
			showEnvVarsInLog = 0;
		};
/* End PBXShellScriptBuildPhase section */

/* Begin PBXSourcesBuildPhase section */
		815EAF461CF90A80007FEFEF /* Sources */ = {
			isa = PBXSourcesBuildPhase;
			buildActionMask = 2147483647;
			files = (
				819978C61CFF4BBE00622298 /* LoginViewController.swift in Sources */,
				815EAF501CF90A80007FEFEF /* ViewController.swift in Sources */,
				8190D9811D00E417002CB367 /* SignUpViewController.swift in Sources */,
				8190D9831D00E811002CB367 /* Reachability.swift in Sources */,
				8190D9881D00E889002CB367 /* Validation.swift in Sources */,
				8190D98B1D01F3BB002CB367 /* ResetPassViewController.swift in Sources */,
				815EAF4E1CF90A80007FEFEF /* AppDelegate.swift in Sources */,
			);
			runOnlyForDeploymentPostprocessing = 0;
		};
		815EAF5A1CF90A80007FEFEF /* Sources */ = {
			isa = PBXSourcesBuildPhase;
			buildActionMask = 2147483647;
			files = (
				815EAF631CF90A80007FEFEF /* iVRTests.swift in Sources */,
			);
			runOnlyForDeploymentPostprocessing = 0;
		};
		815EAF651CF90A80007FEFEF /* Sources */ = {
			isa = PBXSourcesBuildPhase;
			buildActionMask = 2147483647;
			files = (
				815EAF6E1CF90A80007FEFEF /* iVRUITests.swift in Sources */,
			);
			runOnlyForDeploymentPostprocessing = 0;
		};
/* End PBXSourcesBuildPhase section */

/* Begin PBXTargetDependency section */
		815EAF601CF90A80007FEFEF /* PBXTargetDependency */ = {
			isa = PBXTargetDependency;
			target = 815EAF491CF90A80007FEFEF /* iVR */;
			targetProxy = 815EAF5F1CF90A80007FEFEF /* PBXContainerItemProxy */;
		};
		815EAF6B1CF90A80007FEFEF /* PBXTargetDependency */ = {
			isa = PBXTargetDependency;
			target = 815EAF491CF90A80007FEFEF /* iVR */;
			targetProxy = 815EAF6A1CF90A80007FEFEF /* PBXContainerItemProxy */;
		};
/* End PBXTargetDependency section */

/* Begin PBXVariantGroup section */
		815EAF511CF90A80007FEFEF /* Main.storyboard */ = {
			isa = PBXVariantGroup;
			children = (
				815EAF521CF90A80007FEFEF /* Base */,
			);
			name = Main.storyboard;
			sourceTree = "<group>";
		};
		815EAF561CF90A80007FEFEF /* LaunchScreen.storyboard */ = {
			isa = PBXVariantGroup;
			children = (
				815EAF571CF90A80007FEFEF /* Base */,
			);
			name = LaunchScreen.storyboard;
			sourceTree = "<group>";
		};
/* End PBXVariantGroup section */

/* Begin XCBuildConfiguration section */
		815EAF701CF90A80007FEFEF /* Debug */ = {
			isa = XCBuildConfiguration;
			buildSettings = {
				ALWAYS_SEARCH_USER_PATHS = NO;
				CLANG_ANALYZER_NONNULL = YES;
				CLANG_CXX_LANGUAGE_STANDARD = "gnu++0x";
				CLANG_CXX_LIBRARY = "libc++";
				CLANG_ENABLE_MODULES = YES;
				CLANG_ENABLE_OBJC_ARC = YES;
				CLANG_WARN_BOOL_CONVERSION = YES;
				CLANG_WARN_CONSTANT_CONVERSION = YES;
				CLANG_WARN_DIRECT_OBJC_ISA_USAGE = YES_ERROR;
				CLANG_WARN_EMPTY_BODY = YES;
				CLANG_WARN_ENUM_CONVERSION = YES;
				CLANG_WARN_INT_CONVERSION = YES;
				CLANG_WARN_OBJC_ROOT_CLASS = YES_ERROR;
				CLANG_WARN_UNREACHABLE_CODE = YES;
				CLANG_WARN__DUPLICATE_METHOD_MATCH = YES;
				"CODE_SIGN_IDENTITY[sdk=iphoneos*]" = "iPhone Developer";
				COPY_PHASE_STRIP = NO;
				DEBUG_INFORMATION_FORMAT = dwarf;
				ENABLE_STRICT_OBJC_MSGSEND = YES;
				ENABLE_TESTABILITY = YES;
				GCC_C_LANGUAGE_STANDARD = gnu99;
				GCC_DYNAMIC_NO_PIC = NO;
				GCC_NO_COMMON_BLOCKS = YES;
				GCC_OPTIMIZATION_LEVEL = 0;
				GCC_PREPROCESSOR_DEFINITIONS = (
					"DEBUG=1",
					"$(inherited)",
				);
				GCC_WARN_64_TO_32_BIT_CONVERSION = YES;
				GCC_WARN_ABOUT_RETURN_TYPE = YES_ERROR;
				GCC_WARN_UNDECLARED_SELECTOR = YES;
				GCC_WARN_UNINITIALIZED_AUTOS = YES_AGGRESSIVE;
				GCC_WARN_UNUSED_FUNCTION = YES;
				GCC_WARN_UNUSED_VARIABLE = YES;
				IPHONEOS_DEPLOYMENT_TARGET = 9.3;
				MTL_ENABLE_DEBUG_INFO = YES;
				ONLY_ACTIVE_ARCH = YES;
				SDKROOT = iphoneos;
				SWIFT_OPTIMIZATION_LEVEL = "-Onone";
			};
			name = Debug;
		};
		815EAF711CF90A80007FEFEF /* Release */ = {
			isa = XCBuildConfiguration;
			buildSettings = {
				ALWAYS_SEARCH_USER_PATHS = NO;
				CLANG_ANALYZER_NONNULL = YES;
				CLANG_CXX_LANGUAGE_STANDARD = "gnu++0x";
				CLANG_CXX_LIBRARY = "libc++";
				CLANG_ENABLE_MODULES = YES;
				CLANG_ENABLE_OBJC_ARC = YES;
				CLANG_WARN_BOOL_CONVERSION = YES;
				CLANG_WARN_CONSTANT_CONVERSION = YES;
				CLANG_WARN_DIRECT_OBJC_ISA_USAGE = YES_ERROR;
				CLANG_WARN_EMPTY_BODY = YES;
				CLANG_WARN_ENUM_CONVERSION = YES;
				CLANG_WARN_INT_CONVERSION = YES;
				CLANG_WARN_OBJC_ROOT_CLASS = YES_ERROR;
				CLANG_WARN_UNREACHABLE_CODE = YES;
				CLANG_WARN__DUPLICATE_METHOD_MATCH = YES;
				"CODE_SIGN_IDENTITY[sdk=iphoneos*]" = "iPhone Developer";
				COPY_PHASE_STRIP = NO;
				DEBUG_INFORMATION_FORMAT = "dwarf-with-dsym";
				ENABLE_NS_ASSERTIONS = NO;
				ENABLE_STRICT_OBJC_MSGSEND = YES;
				GCC_C_LANGUAGE_STANDARD = gnu99;
				GCC_NO_COMMON_BLOCKS = YES;
				GCC_WARN_64_TO_32_BIT_CONVERSION = YES;
				GCC_WARN_ABOUT_RETURN_TYPE = YES_ERROR;
				GCC_WARN_UNDECLARED_SELECTOR = YES;
				GCC_WARN_UNINITIALIZED_AUTOS = YES_AGGRESSIVE;
				GCC_WARN_UNUSED_FUNCTION = YES;
				GCC_WARN_UNUSED_VARIABLE = YES;
				IPHONEOS_DEPLOYMENT_TARGET = 9.3;
				MTL_ENABLE_DEBUG_INFO = NO;
				SDKROOT = iphoneos;
				VALIDATE_PRODUCT = YES;
			};
			name = Release;
		};
		815EAF731CF90A80007FEFEF /* Debug */ = {
			isa = XCBuildConfiguration;
			baseConfigurationReference = 6090BA4E571932282D3B7C08 /* Pods-iVR.debug.xcconfig */;
			buildSettings = {
				ASSETCATALOG_COMPILER_APPICON_NAME = AppIcon;
				ASSETCATALOG_COMPILER_LAUNCHIMAGE_NAME = "Brand Assets";
				CODE_SIGN_IDENTITY = "iPhone Developer";
				"CODE_SIGN_IDENTITY[sdk=iphoneos*]" = "iPhone Developer";
				FRAMEWORK_SEARCH_PATHS = (
					"$(inherited)",
					"\"${PODS_ROOT}/FirebaseAnalytics/Frameworks\"",
					"\"${PODS_ROOT}/FirebaseInstanceID/Frameworks\"",
					"\"${PODS_ROOT}/GoogleInterchangeUtilities/Frameworks\"",
					"\"${PODS_ROOT}/GoogleSymbolUtilities/Frameworks\"",
					"\"${PODS_ROOT}/GoogleUtilities/Frameworks\"",
					/Users/nazirshuqair/Documents/FacebookSDK,
				);
				INFOPLIST_FILE = iVR/Info.plist;
				LD_RUNPATH_SEARCH_PATHS = "$(inherited) @executable_path/Frameworks";
				PRODUCT_BUNDLE_IDENTIFIER = com.iVR.iVR;
				PRODUCT_NAME = "$(TARGET_NAME)";
				PROVISIONING_PROFILE = "";
			};
			name = Debug;
		};
		815EAF741CF90A80007FEFEF /* Release */ = {
			isa = XCBuildConfiguration;
			baseConfigurationReference = 8D6D49ED8F55B0CF7BD343D7 /* Pods-iVR.release.xcconfig */;
			buildSettings = {
				ASSETCATALOG_COMPILER_APPICON_NAME = AppIcon;
				ASSETCATALOG_COMPILER_LAUNCHIMAGE_NAME = "Brand Assets";
				CODE_SIGN_IDENTITY = "iPhone Developer";
				"CODE_SIGN_IDENTITY[sdk=iphoneos*]" = "iPhone Developer";
				FRAMEWORK_SEARCH_PATHS = (
					"$(inherited)",
					"\"${PODS_ROOT}/FirebaseAnalytics/Frameworks\"",
					"\"${PODS_ROOT}/FirebaseInstanceID/Frameworks\"",
					"\"${PODS_ROOT}/GoogleInterchangeUtilities/Frameworks\"",
					"\"${PODS_ROOT}/GoogleSymbolUtilities/Frameworks\"",
					"\"${PODS_ROOT}/GoogleUtilities/Frameworks\"",
					/Users/nazirshuqair/Documents/FacebookSDK,
				);
				INFOPLIST_FILE = iVR/Info.plist;
				LD_RUNPATH_SEARCH_PATHS = "$(inherited) @executable_path/Frameworks";
				PRODUCT_BUNDLE_IDENTIFIER = com.iVR.iVR;
				PRODUCT_NAME = "$(TARGET_NAME)";
				PROVISIONING_PROFILE = "";
			};
			name = Release;
		};
		815EAF761CF90A80007FEFEF /* Debug */ = {
			isa = XCBuildConfiguration;
			baseConfigurationReference = A286A1695D628A42CC0A80F5 /* Pods-iVRTests.debug.xcconfig */;
			buildSettings = {
				BUNDLE_LOADER = "$(TEST_HOST)";
				INFOPLIST_FILE = iVRTests/Info.plist;
				LD_RUNPATH_SEARCH_PATHS = "$(inherited) @executable_path/Frameworks @loader_path/Frameworks";
				PRODUCT_BUNDLE_IDENTIFIER = com.iVR.iVRTests;
				PRODUCT_NAME = "$(TARGET_NAME)";
				TEST_HOST = "$(BUILT_PRODUCTS_DIR)/iVR.app/iVR";
			};
			name = Debug;
		};
		815EAF771CF90A80007FEFEF /* Release */ = {
			isa = XCBuildConfiguration;
			baseConfigurationReference = C609B9D15A93799969C9B5C2 /* Pods-iVRTests.release.xcconfig */;
			buildSettings = {
				BUNDLE_LOADER = "$(TEST_HOST)";
				INFOPLIST_FILE = iVRTests/Info.plist;
				LD_RUNPATH_SEARCH_PATHS = "$(inherited) @executable_path/Frameworks @loader_path/Frameworks";
				PRODUCT_BUNDLE_IDENTIFIER = com.iVR.iVRTests;
				PRODUCT_NAME = "$(TARGET_NAME)";
				TEST_HOST = "$(BUILT_PRODUCTS_DIR)/iVR.app/iVR";
			};
			name = Release;
		};
		815EAF791CF90A80007FEFEF /* Debug */ = {
			isa = XCBuildConfiguration;
			baseConfigurationReference = 5591560B4650C946078AF1C3 /* Pods-iVRUITests.debug.xcconfig */;
			buildSettings = {
				INFOPLIST_FILE = iVRUITests/Info.plist;
				LD_RUNPATH_SEARCH_PATHS = "$(inherited) @executable_path/Frameworks @loader_path/Frameworks";
				PRODUCT_BUNDLE_IDENTIFIER = com.iVR.iVRUITests;
				PRODUCT_NAME = "$(TARGET_NAME)";
				TEST_TARGET_NAME = iVR;
			};
			name = Debug;
		};
		815EAF7A1CF90A80007FEFEF /* Release */ = {
			isa = XCBuildConfiguration;
			baseConfigurationReference = 805DBF85AEC04CDF3F845FCF /* Pods-iVRUITests.release.xcconfig */;
			buildSettings = {
				INFOPLIST_FILE = iVRUITests/Info.plist;
				LD_RUNPATH_SEARCH_PATHS = "$(inherited) @executable_path/Frameworks @loader_path/Frameworks";
				PRODUCT_BUNDLE_IDENTIFIER = com.iVR.iVRUITests;
				PRODUCT_NAME = "$(TARGET_NAME)";
				TEST_TARGET_NAME = iVR;
			};
			name = Release;
		};
/* End XCBuildConfiguration section */

/* Begin XCConfigurationList section */
		815EAF451CF90A80007FEFEF /* Build configuration list for PBXProject "iVR" */ = {
			isa = XCConfigurationList;
			buildConfigurations = (
				815EAF701CF90A80007FEFEF /* Debug */,
				815EAF711CF90A80007FEFEF /* Release */,
			);
			defaultConfigurationIsVisible = 0;
			defaultConfigurationName = Release;
		};
		815EAF721CF90A80007FEFEF /* Build configuration list for PBXNativeTarget "iVR" */ = {
			isa = XCConfigurationList;
			buildConfigurations = (
				815EAF731CF90A80007FEFEF /* Debug */,
				815EAF741CF90A80007FEFEF /* Release */,
			);
			defaultConfigurationIsVisible = 0;
			defaultConfigurationName = Release;
		};
		815EAF751CF90A80007FEFEF /* Build configuration list for PBXNativeTarget "iVRTests" */ = {
			isa = XCConfigurationList;
			buildConfigurations = (
				815EAF761CF90A80007FEFEF /* Debug */,
				815EAF771CF90A80007FEFEF /* Release */,
			);
			defaultConfigurationIsVisible = 0;
			defaultConfigurationName = Release;
		};
		815EAF781CF90A80007FEFEF /* Build configuration list for PBXNativeTarget "iVRUITests" */ = {
			isa = XCConfigurationList;
			buildConfigurations = (
				815EAF791CF90A80007FEFEF /* Debug */,
				815EAF7A1CF90A80007FEFEF /* Release */,
			);
			defaultConfigurationIsVisible = 0;
			defaultConfigurationName = Release;
		};
/* End XCConfigurationList section */
	};
	rootObject = 815EAF421CF90A80007FEFEF /* Project object */;
}
